PODS:
  - Alamofire (4.4.0)
  - ASHorizontalScrollView (1.5.1)
  - Bolts (1.8.4):
    - Bolts/AppLinks (= 1.8.4)
    - Bolts/Tasks (= 1.8.4)
  - Bolts/AppLinks (1.8.4):
    - Bolts/Tasks
  - Bolts/Tasks (1.8.4)
  - CryptoSwift (0.6.8)
  - DatePickerDialog (1.1.7)
  - FacebookCore (0.2.0):
    - Bolts (~> 1.8)
    - FBSDKCoreKit (~> 4.15)
  - FacebookLogin (0.2.0):
    - Bolts (~> 1.8)
    - FacebookCore (~> 0.2)
    - FBSDKCoreKit (~> 4.15)
    - FBSDKLoginKit (~> 4.15)
  - FBSDKCoreKit (4.21.0):
    - Bolts (~> 1.7)
  - FBSDKLoginKit (4.21.0):
    - FBSDKCoreKit
  - Firebase/Auth (3.16.0):
    - Firebase/Core
    - FirebaseAuth (= 3.1.1)
  - Firebase/Core (3.16.0):
    - FirebaseAnalytics (= 3.8.0)
    - FirebaseCore (= 3.6.0)
  - FirebaseAnalytics (3.8.0):
    - FirebaseCore (~> 3.6)
    - FirebaseInstanceID (~> 1.0)
    - GoogleToolboxForMac/NSData+zlib (~> 2.1)
  - FirebaseAuth (3.1.1):
    - FirebaseAnalytics (~> 3.7)
    - GoogleToolboxForMac/NSDictionary+URLArguments (~> 2.1)
    - GTMSessionFetcher/Core (~> 1.1)
  - FirebaseCore (3.6.0):
    - GoogleToolboxForMac/NSData+zlib (~> 2.1)
  - FirebaseInstanceID (1.0.10):
    - FirebaseCore (~> 3.6)
  - FujiSDK (1.0.0):
    - Alamofire (~> 4.4)
    - ASHorizontalScrollView (~> 1.5.1)
    - CryptoSwift
    - DatePickerDialog
    - FacebookCore
    - FacebookLogin
    - Material (~> 2.0)
    - NVActivityIndicatorView
    - STRegex
    - SwiftyJSON
    - Toast-Swift
  - GoogleSignIn (4.0.2):
    - GoogleToolboxForMac/NSDictionary+URLArguments (~> 2.1)
    - GoogleToolboxForMac/NSString+URLArguments (~> 2.1)
    - GTMOAuth2 (~> 1.0)
    - GTMSessionFetcher/Core (~> 1.1)
  - GoogleToolboxForMac/DebugUtils (2.1.1):
    - GoogleToolboxForMac/Defines (= 2.1.1)
  - GoogleToolboxForMac/Defines (2.1.1)
  - GoogleToolboxForMac/NSData+zlib (2.1.1):
    - GoogleToolboxForMac/Defines (= 2.1.1)
  - GoogleToolboxForMac/NSDictionary+URLArguments (2.1.1):
    - GoogleToolboxForMac/DebugUtils (= 2.1.1)
    - GoogleToolboxForMac/Defines (= 2.1.1)
    - GoogleToolboxForMac/NSString+URLArguments (= 2.1.1)
  - GoogleToolboxForMac/NSString+URLArguments (2.1.1)
  - GTMOAuth2 (1.1.4):
    - GTMSessionFetcher (~> 1.1)
  - GTMSessionFetcher (1.1.9):
    - GTMSessionFetcher/Full (= 1.1.9)
  - GTMSessionFetcher/Core (1.1.9)
  - GTMSessionFetcher/Full (1.1.9):
    - GTMSessionFetcher/Core (= 1.1.9)
  - Material (2.6.3):
    - Material/Core (= 2.6.3)
  - Material/Core (2.6.3)
  - NVActivityIndicatorView (3.6.0)
  - STRegex (0.4.3)
  - SwiftyJSON (3.1.4)
  - Toast-Swift (2.0.0)

DEPENDENCIES:
  - Firebase/Auth
  - FujiSDK (from `../FujiSDK`)
  - GoogleSignIn

EXTERNAL SOURCES:
  FujiSDK:
    :path: "../FujiSDK"

SPEC CHECKSUMS:
  Alamofire: dc44b1600b800eb63da6a19039a0083d62a6a62d
  ASHorizontalScrollView: 9c98b9226509540075b6398c92f68fb474bea7e9
  Bolts: 8a7995239dbe724f9cba2248b766d48b7ebdd322
  CryptoSwift: f21ea03ed3a94e79d241648ce26652cd4810508a
  DatePickerDialog: bd5e7e92e4da2c6a8966b28d5f5d8f335d6c2c63
  FacebookCore: 2cb3f0fbff218e9d3119cec84bae983b232412de
  FacebookLogin: c9d606504735780a9e3002465a615512e0a691a5
  FBSDKCoreKit: 8a372ab194b5c7c26355c1920ef52dbeb44bc222
  FBSDKLoginKit: a1a5f4b4ac445823a020fbeeaf5f03714a67ff9c
  Firebase: 21bf4a89d3f01bfbe11adc3a5d934a4a3d3a5fd6
  FirebaseAnalytics: 920e46455f27b0a52a80907a6d9b73ee4bd1c635
  FirebaseAuth: cc8a1824170adbd351edb7f994490a3fb5c18be6
  FirebaseCore: 9691ee2ade70c098d7cf92440f4303f16d83ca75
  FirebaseInstanceID: b9eedd6846fb5e1f0f7279e1deaa7a7e4cf8392e
  FujiSDK: 493caa2254ad2950355393774e9fbc496b7465bc
  GoogleSignIn: d7ad83f13480e1f30453471d00d19b5293ac46af
  GoogleToolboxForMac: 8e329f1b599f2512c6b10676d45736bcc2cbbeb0
  GTMOAuth2: 7fc9c10f5c745f4d9850419ea88889fe3baa6b7d
  GTMSessionFetcher: 5c046c76a1f859bc9c187e918f18e4fc7bb57b5e
  Material: af607a7ec0e9978ef85cf189a3d8ceeeb650400f
  NVActivityIndicatorView: c7c1c4300b418bd9ed06459e78d4df859ddbe31f
  STRegex: c7decbba8601717274774a3f341c4807a327a6d0
  SwiftyJSON: c2842d878f95482ffceec5709abc3d05680c0220
  Toast-Swift: 5b2f8f720f7e78e48511f693df1f9c9a6e38a25a

PODFILE CHECKSUM: cac1f4df4101bb8ce3816c9a77a535ed912ca912

COCOAPODS: 1.2.1
